
Microsoft Visual Studio Solution File, Format Version 12.00
# Visual Studio Version 17
VisualStudioVersion = 17.9.34616.47
MinimumVisualStudioVersion = 10.0.40219.1
Project("{FAE04EC0-301F-11D3-BF4B-00C04F79EFBC}") = "CryptoMaster", "CryptoMaster\CryptoMaster.csproj", "{83139B4D-9072-45B8-B4BB-2B3EA864202F}"
EndProject
Global
	GlobalSection(SolutionConfigurationPlatforms) = preSolution
		Debug|Any CPU = Debug|Any CPU
		Release|Any CPU = Release|Any CPU
	EndGlobalSection
	GlobalSection(ProjectConfigurationPlatforms) = postSolution
		{83139B4D-9072-45B8-B4BB-2B3EA864202F}.Debug|Any CPU.ActiveCfg = Debug|Any CPU
		{83139B4D-9072-45B8-B4BB-2B3EA864202F}.Debug|Any CPU.Build.0 = Debug|Any CPU
		{83139B4D-9072-45B8-B4BB-2B3EA864202F}.Release|Any CPU.ActiveCfg = Release|Any CPU
		{83139B4D-9072-45B8-B4BB-2B3EA864202F}.Release|Any CPU.Build.0 = Release|Any CPU
	EndGlobalSection
	GlobalSection(SolutionProperties) = preSolution
		HideSolutionNode = FALSE
	EndGlobalSection
	GlobalSection(ExtensibilityGlobals) = postSolution
		SolutionGuid = {8D85E1D5-11DE-4A0C-9E26-6B53C3C3DC8A}
	EndGlobalSection
EndGlobal
